
Microsoft Visual Studio Solution File, Format Version 12.00
# Visual Studio Version 16
VisualStudioVersion = 16.0.29418.71
MinimumVisualStudioVersion = 10.0.40219.1
Project("{9A19103F-16F7-4668-BE54-9A1E7A4F7556}") = "SGDE.Domain", "SGDE.Domain\SGDE.Domain.csproj", "{129211EA-5060-4988-B0BC-7606BFB99589}"
EndProject
Project("{9A19103F-16F7-4668-BE54-9A1E7A4F7556}") = "SGDE.DataEFCoreSQL", "SGDE.DataEFCoreSQL\SGDE.DataEFCoreSQL.csproj", "{103049B5-7E59-45AE-8054-EEC73A57FBE6}"
EndProject
Project("{9A19103F-16F7-4668-BE54-9A1E7A4F7556}") = "SGDE.SeedData", "SGDE.SeedData\SGDE.SeedData.csproj", "{EF909AEA-6C03-45A9-9B47-156ED553A7A0}"
EndProject
Project("{9A19103F-16F7-4668-BE54-9A1E7A4F7556}") = "SGDE.API", "SGDE.API\SGDE.API.csproj", "{60719B52-384B-4A90-BBF2-020994A7DB3E}"
EndProject
Project("{9A19103F-16F7-4668-BE54-9A1E7A4F7556}") = "SGDE.WEB", "SGDE.WEB\SGDE.WEB.csproj", "{BD509D61-2EAD-4CC9-B13D-5699762DA9FB}"
EndProject
Project("{9A19103F-16F7-4668-BE54-9A1E7A4F7556}") = "SGDE.DataEFCoreMySQL", "SGDE.DataEFCoreMySQL\SGDE.DataEFCoreMySQL.csproj", "{C3910B75-3D73-49A6-885A-E81020A8F553}"
EndProject
Global
	GlobalSection(SolutionConfigurationPlatforms) = preSolution
		Debug|Any CPU = Debug|Any CPU
		Release|Any CPU = Release|Any CPU
	EndGlobalSection
	GlobalSection(ProjectConfigurationPlatforms) = postSolution
		{129211EA-5060-4988-B0BC-7606BFB99589}.Debug|Any CPU.ActiveCfg = Debug|Any CPU
		{129211EA-5060-4988-B0BC-7606BFB99589}.Debug|Any CPU.Build.0 = Debug|Any CPU
		{129211EA-5060-4988-B0BC-7606BFB99589}.Release|Any CPU.ActiveCfg = Release|Any CPU
		{129211EA-5060-4988-B0BC-7606BFB99589}.Release|Any CPU.Build.0 = Release|Any CPU
		{103049B5-7E59-45AE-8054-EEC73A57FBE6}.Debug|Any CPU.ActiveCfg = Debug|Any CPU
		{103049B5-7E59-45AE-8054-EEC73A57FBE6}.Debug|Any CPU.Build.0 = Debug|Any CPU
		{103049B5-7E59-45AE-8054-EEC73A57FBE6}.Release|Any CPU.ActiveCfg = Release|Any CPU
		{103049B5-7E59-45AE-8054-EEC73A57FBE6}.Release|Any CPU.Build.0 = Release|Any CPU
		{EF909AEA-6C03-45A9-9B47-156ED553A7A0}.Debug|Any CPU.ActiveCfg = Debug|Any CPU
		{EF909AEA-6C03-45A9-9B47-156ED553A7A0}.Debug|Any CPU.Build.0 = Debug|Any CPU
		{EF909AEA-6C03-45A9-9B47-156ED553A7A0}.Release|Any CPU.ActiveCfg = Release|Any CPU
		{EF909AEA-6C03-45A9-9B47-156ED553A7A0}.Release|Any CPU.Build.0 = Release|Any CPU
		{60719B52-384B-4A90-BBF2-020994A7DB3E}.Debug|Any CPU.ActiveCfg = Debug|Any CPU
		{60719B52-384B-4A90-BBF2-020994A7DB3E}.Debug|Any CPU.Build.0 = Debug|Any CPU
		{60719B52-384B-4A90-BBF2-020994A7DB3E}.Release|Any CPU.ActiveCfg = Release|Any CPU
		{60719B52-384B-4A90-BBF2-020994A7DB3E}.Release|Any CPU.Build.0 = Release|Any CPU
		{BD509D61-2EAD-4CC9-B13D-5699762DA9FB}.Debug|Any CPU.ActiveCfg = Debug|Any CPU
		{BD509D61-2EAD-4CC9-B13D-5699762DA9FB}.Debug|Any CPU.Build.0 = Debug|Any CPU
		{BD509D61-2EAD-4CC9-B13D-5699762DA9FB}.Release|Any CPU.ActiveCfg = Release|Any CPU
		{BD509D61-2EAD-4CC9-B13D-5699762DA9FB}.Release|Any CPU.Build.0 = Release|Any CPU
		{C3910B75-3D73-49A6-885A-E81020A8F553}.Debug|Any CPU.ActiveCfg = Debug|Any CPU
		{C3910B75-3D73-49A6-885A-E81020A8F553}.Debug|Any CPU.Build.0 = Debug|Any CPU
		{C3910B75-3D73-49A6-885A-E81020A8F553}.Release|Any CPU.ActiveCfg = Release|Any CPU
		{C3910B75-3D73-49A6-885A-E81020A8F553}.Release|Any CPU.Build.0 = Release|Any CPU
	EndGlobalSection
	GlobalSection(SolutionProperties) = preSolution
		HideSolutionNode = FALSE
	EndGlobalSection
	GlobalSection(ExtensibilityGlobals) = postSolution
		SolutionGuid = {CBF59185-B988-4F60-AD58-0B017DF9DB5D}
	EndGlobalSection
EndGlobal
